Microsoft Visual Studio Solution File, Format Version 11.00
# Visual C++ Express 2010
Project("{8BC9CEB8-8B4A-11D0-8D11-00A0C91BC942}") = "PTLib Static", "..\ptlib\src\ptlib\msos\Console_2010.vcxproj", "{D11E1C9D-406C-4D7C-8F37-913C0BFD9E0D}"
EndProject
Project("{8BC9CEB8-8B4A-11D0-8D11-00A0C91BC942}") = "PTLib DLL", "..\ptlib\src\ptlib\msos\PTLib_2010.vcxproj", "{85F4F26A-1A5D-4685-A48A-448102C5C5BC}"
EndProject
Project("{8BC9CEB8-8B4A-11D0-8D11-00A0C91BC942}") = "OPAL Static", "src\win32\opal_lib_2010.vcxproj", "{11FB12B5-B5EB-4DFF-BD6F-2A0BDF187C22}"
EndProject
Project("{8BC9CEB8-8B4A-11D0-8D11-00A0C91BC942}") = "OPAL DLL", "src\win32\opal_dll_2010.vcxproj", "{B2830E08-B1F1-492F-8849-F3D8461E450F}"
EndProject
Project("{8BC9CEB8-8B4A-11D0-8D11-00A0C91BC942}") = "Simple OPAL Static", "samples\simple\simple_2010.vcxproj", "{C53F67B8-5368-40F7-9F17-E5394A08058D}"
EndProject
Project("{8BC9CEB8-8B4A-11D0-8D11-00A0C91BC942}") = "Simple OPAL DLL", "samples\simple\simpleDLL_2010.vcxproj", "{4F290FD7-E487-4546-B248-91736828E360}"
EndProject
Global
	GlobalSection(SolutionConfigurationPlatforms) = preSolution
		Debug|Win32 = Debug|Win32
		Debug|Windows Mobile 5.0 Pocket PC SDK (ARMV4I) = Debug|Windows Mobile 5.0 Pocket PC SDK (ARMV4I)
		Debug|Windows Mobile 5.0 Smartphone SDK (ARMV4I) = Debug|Windows Mobile 5.0 Smartphone SDK (ARMV4I)
		Debug|Windows Mobile 6 Professional SDK (ARMV4I) = Debug|Windows Mobile 6 Professional SDK (ARMV4I)
		Debug|Windows Mobile 6 Standard SDK (ARMV4I) = Debug|Windows Mobile 6 Standard SDK (ARMV4I)
		No Trace|Win32 = No Trace|Win32
		No Trace|Windows Mobile 5.0 Pocket PC SDK (ARMV4I) = No Trace|Windows Mobile 5.0 Pocket PC SDK (ARMV4I)
		No Trace|Windows Mobile 5.0 Smartphone SDK (ARMV4I) = No Trace|Windows Mobile 5.0 Smartphone SDK (ARMV4I)
		No Trace|Windows Mobile 6 Professional SDK (ARMV4I) = No Trace|Windows Mobile 6 Professional SDK (ARMV4I)
		No Trace|Windows Mobile 6 Standard SDK (ARMV4I) = No Trace|Windows Mobile 6 Standard SDK (ARMV4I)
		Release|Win32 = Release|Win32
		Release|Windows Mobile 5.0 Pocket PC SDK (ARMV4I) = Release|Windows Mobile 5.0 Pocket PC SDK (ARMV4I)
		Release|Windows Mobile 5.0 Smartphone SDK (ARMV4I) = Release|Windows Mobile 5.0 Smartphone SDK (ARMV4I)
		Release|Windows Mobile 6 Professional SDK (ARMV4I) = Release|Windows Mobile 6 Professional SDK (ARMV4I)
		Release|Windows Mobile 6 Standard SDK (ARMV4I) = Release|Windows Mobile 6 Standard SDK (ARMV4I)
		Template|Win32 = Template|Win32
		Template|Windows Mobile 5.0 Pocket PC SDK (ARMV4I) = Template|Windows Mobile 5.0 Pocket PC SDK (ARMV4I)
		Template|Windows Mobile 5.0 Smartphone SDK (ARMV4I) = Template|Windows Mobile 5.0 Smartphone SDK (ARMV4I)
		Template|Windows Mobile 6 Professional SDK (ARMV4I) = Template|Windows Mobile 6 Professional SDK (ARMV4I)
		Template|Windows Mobile 6 Standard SDK (ARMV4I) = Template|Windows Mobile 6 Standard SDK (ARMV4I)
	EndGlobalSection
	GlobalSection(ProjectConfigurationPlatforms) = postSolution
		{D11E1C9D-406C-4D7C-8F37-913C0BFD9E0D}.Debug|Win32.ActiveCfg = Debug|Win32
		{D11E1C9D-406C-4D7C-8F37-913C0BFD9E0D}.Debug|Win32.Build.0 = Debug|Win32
		{D11E1C9D-406C-4D7C-8F37-913C0BFD9E0D}.Debug|Windows Mobile 5.0 Pocket PC SDK (ARMV4I).ActiveCfg = Debug|Windows Mobile 5.0 Pocket PC SDK (ARMV4I)
		{D11E1C9D-406C-4D7C-8F37-913C0BFD9E0D}.Debug|Windows Mobile 5.0 Pocket PC SDK (ARMV4I).Build.0 = Debug|Windows Mobile 5.0 Pocket PC SDK (ARMV4I)
		{D11E1C9D-406C-4D7C-8F37-913C0BFD9E0D}.Debug|Windows Mobile 5.0 Smartphone SDK (ARMV4I).ActiveCfg = Debug|Windows Mobile 5.0 Smartphone SDK (ARMV4I)
		{D11E1C9D-406C-4D7C-8F37-913C0BFD9E0D}.Debug|Windows Mobile 5.0 Smartphone SDK (ARMV4I).Build.0 = Debug|Windows Mobile 5.0 Smartphone SDK (ARMV4I)
		{D11E1C9D-406C-4D7C-8F37-913C0BFD9E0D}.Debug|Windows Mobile 6 Professional SDK (ARMV4I).ActiveCfg = Debug|Windows Mobile 6 Professional SDK (ARMV4I)
		{D11E1C9D-406C-4D7C-8F37-913C0BFD9E0D}.Debug|Windows Mobile 6 Professional SDK (ARMV4I).Build.0 = Debug|Windows Mobile 6 Professional SDK (ARMV4I)
		{D11E1C9D-406C-4D7C-8F37-913C0BFD9E0D}.Debug|Windows Mobile 6 Standard SDK (ARMV4I).ActiveCfg = Debug|Windows Mobile 6 Standard SDK (ARMV4I)
		{D11E1C9D-406C-4D7C-8F37-913C0BFD9E0D}.Debug|Windows Mobile 6 Standard SDK (ARMV4I).Build.0 = Debug|Windows Mobile 6 Standard SDK (ARMV4I)
		{D11E1C9D-406C-4D7C-8F37-913C0BFD9E0D}.No Trace|Win32.ActiveCfg = No Trace|Win32
		{D11E1C9D-406C-4D7C-8F37-913C0BFD9E0D}.No Trace|Win32.Build.0 = No Trace|Win32
		{D11E1C9D-406C-4D7C-8F37-913C0BFD9E0D}.No Trace|Windows Mobile 5.0 Pocket PC SDK (ARMV4I).ActiveCfg = No Trace|Windows Mobile 5.0 Pocket PC SDK (ARMV4I)
		{D11E1C9D-406C-4D7C-8F37-913C0BFD9E0D}.No Trace|Windows Mobile 5.0 Pocket PC SDK (ARMV4I).Build.0 = No Trace|Windows Mobile 5.0 Pocket PC SDK (ARMV4I)
		{D11E1C9D-406C-4D7C-8F37-913C0BFD9E0D}.No Trace|Windows Mobile 5.0 Smartphone SDK (ARMV4I).ActiveCfg = No Trace|Windows Mobile 5.0 Smartphone SDK (ARMV4I)
		{D11E1C9D-406C-4D7C-8F37-913C0BFD9E0D}.No Trace|Windows Mobile 5.0 Smartphone SDK (ARMV4I).Build.0 = No Trace|Windows Mobile 5.0 Smartphone SDK (ARMV4I)
		{D11E1C9D-406C-4D7C-8F37-913C0BFD9E0D}.No Trace|Windows Mobile 6 Professional SDK (ARMV4I).ActiveCfg = No Trace|Windows Mobile 6 Professional SDK (ARMV4I)
		{D11E1C9D-406C-4D7C-8F37-913C0BFD9E0D}.No Trace|Windows Mobile 6 Professional SDK (ARMV4I).Build.0 = No Trace|Windows Mobile 6 Professional SDK (ARMV4I)
		{D11E1C9D-406C-4D7C-8F37-913C0BFD9E0D}.No Trace|Windows Mobile 6 Standard SDK (ARMV4I).ActiveCfg = No Trace|Windows Mobile 6 Standard SDK (ARMV4I)
		{D11E1C9D-406C-4D7C-8F37-913C0BFD9E0D}.No Trace|Windows Mobile 6 Standard SDK (ARMV4I).Build.0 = No Trace|Windows Mobile 6 Standard SDK (ARMV4I)
		{D11E1C9D-406C-4D7C-8F37-913C0BFD9E0D}.Release|Win32.ActiveCfg = Release|Win32
		{D11E1C9D-406C-4D7C-8F37-913C0BFD9E0D}.Release|Win32.Build.0 = Release|Win32
		{D11E1C9D-406C-4D7C-8F37-913C0BFD9E0D}.Release|Windows Mobile 5.0 Pocket PC SDK (ARMV4I).ActiveCfg = Release|Windows Mobile 5.0 Pocket PC SDK (ARMV4I)
		{D11E1C9D-406C-4D7C-8F37-913C0BFD9E0D}.Release|Windows Mobile 5.0 Pocket PC SDK (ARMV4I).Build.0 = Release|Windows Mobile 5.0 Pocket PC SDK (ARMV4I)
		{D11E1C9D-406C-4D7C-8F37-913C0BFD9E0D}.Release|Windows Mobile 5.0 Smartphone SDK (ARMV4I).ActiveCfg = Release|Windows Mobile 5.0 Smartphone SDK (ARMV4I)
		{D11E1C9D-406C-4D7C-8F37-913C0BFD9E0D}.Release|Windows Mobile 5.0 Smartphone SDK (ARMV4I).Build.0 = Release|Windows Mobile 5.0 Smartphone SDK (ARMV4I)
		{D11E1C9D-406C-4D7C-8F37-913C0BFD9E0D}.Release|Windows Mobile 6 Professional SDK (ARMV4I).ActiveCfg = Release|Windows Mobile 6 Professional SDK (ARMV4I)
		{D11E1C9D-406C-4D7C-8F37-913C0BFD9E0D}.Release|Windows Mobile 6 Professional SDK (ARMV4I).Build.0 = Release|Windows Mobile 6 Professional SDK (ARMV4I)
		{D11E1C9D-406C-4D7C-8F37-913C0BFD9E0D}.Release|Windows Mobile 6 Standard SDK (ARMV4I).ActiveCfg = Release|Windows Mobile 6 Standard SDK (ARMV4I)
		{D11E1C9D-406C-4D7C-8F37-913C0BFD9E0D}.Release|Windows Mobile 6 Standard SDK (ARMV4I).Build.0 = Release|Windows Mobile 6 Standard SDK (ARMV4I)
		{D11E1C9D-406C-4D7C-8F37-913C0BFD9E0D}.Template|Win32.ActiveCfg = Release|Windows Mobile 6 Standard SDK (ARMV4I)
		{D11E1C9D-406C-4D7C-8F37-913C0BFD9E0D}.Template|Windows Mobile 5.0 Pocket PC SDK (ARMV4I).ActiveCfg = Release|Windows Mobile 6 Standard SDK (ARMV4I)
		{D11E1C9D-406C-4D7C-8F37-913C0BFD9E0D}.Template|Windows Mobile 5.0 Smartphone SDK (ARMV4I).ActiveCfg = Release|Windows Mobile 6 Standard SDK (ARMV4I)
		{D11E1C9D-406C-4D7C-8F37-913C0BFD9E0D}.Template|Windows Mobile 6 Professional SDK (ARMV4I).ActiveCfg = Release|Windows Mobile 6 Standard SDK (ARMV4I)
		{D11E1C9D-406C-4D7C-8F37-913C0BFD9E0D}.Template|Windows Mobile 6 Standard SDK (ARMV4I).ActiveCfg = Release|Windows Mobile 6 Standard SDK (ARMV4I)
		{D11E1C9D-406C-4D7C-8F37-913C0BFD9E0D}.Template|Windows Mobile 6 Standard SDK (ARMV4I).Build.0 = Release|Windows Mobile 6 Standard SDK (ARMV4I)
		{85F4F26A-1A5D-4685-A48A-448102C5C5BC}.Debug|Win32.ActiveCfg = Debug|Win32
		{85F4F26A-1A5D-4685-A48A-448102C5C5BC}.Debug|Win32.Build.0 = Debug|Win32
		{85F4F26A-1A5D-4685-A48A-448102C5C5BC}.Debug|Windows Mobile 5.0 Pocket PC SDK (ARMV4I).ActiveCfg = Debug|Windows Mobile 5.0 Pocket PC SDK (ARMV4I)
		{85F4F26A-1A5D-4685-A48A-448102C5C5BC}.Debug|Windows Mobile 5.0 Pocket PC SDK (ARMV4I).Build.0 = Debug|Windows Mobile 5.0 Pocket PC SDK (ARMV4I)
		{85F4F26A-1A5D-4685-A48A-448102C5C5BC}.Debug|Windows Mobile 5.0 Pocket PC SDK (ARMV4I).Deploy.0 = Debug|Windows Mobile 5.0 Pocket PC SDK (ARMV4I)
		{85F4F26A-1A5D-4685-A48A-448102C5C5BC}.Debug|Windows Mobile 5.0 Smartphone SDK (ARMV4I).ActiveCfg = Debug|Windows Mobile 5.0 Smartphone SDK (ARMV4I)
		{85F4F26A-1A5D-4685-A48A-448102C5C5BC}.Debug|Windows Mobile 5.0 Smartphone SDK (ARMV4I).Build.0 = Debug|Windows Mobile 5.0 Smartphone SDK (ARMV4I)
		{85F4F26A-1A5D-4685-A48A-448102C5C5BC}.Debug|Windows Mobile 5.0 Smartphone SDK (ARMV4I).Deploy.0 = Debug|Windows Mobile 5.0 Smartphone SDK (ARMV4I)
		{85F4F26A-1A5D-4685-A48A-448102C5C5BC}.Debug|Windows Mobile 6 Professional SDK (ARMV4I).ActiveCfg = Debug|Windows Mobile 6 Professional SDK (ARMV4I)
		{85F4F26A-1A5D-4685-A48A-448102C5C5BC}.Debug|Windows Mobile 6 Professional SDK (ARMV4I).Build.0 = Debug|Windows Mobile 6 Professional SDK (ARMV4I)
		{85F4F26A-1A5D-4685-A48A-448102C5C5BC}.Debug|Windows Mobile 6 Professional SDK (ARMV4I).Deploy.0 = Debug|Windows Mobile 6 Professional SDK (ARMV4I)
		{85F4F26A-1A5D-4685-A48A-448102C5C5BC}.Debug|Windows Mobile 6 Standard SDK (ARMV4I).ActiveCfg = Debug|Windows Mobile 6 Standard SDK (ARMV4I)
		{85F4F26A-1A5D-4685-A48A-448102C5C5BC}.Debug|Windows Mobile 6 Standard SDK (ARMV4I).Build.0 = Debug|Windows Mobile 6 Standard SDK (ARMV4I)
		{85F4F26A-1A5D-4685-A48A-448102C5C5BC}.Debug|Windows Mobile 6 Standard SDK (ARMV4I).Deploy.0 = Debug|Windows Mobile 6 Standard SDK (ARMV4I)
		{85F4F26A-1A5D-4685-A48A-448102C5C5BC}.No Trace|Win32.ActiveCfg = No Trace|Win32
		{85F4F26A-1A5D-4685-A48A-448102C5C5BC}.No Trace|Win32.Build.0 = No Trace|Win32
		{85F4F26A-1A5D-4685-A48A-448102C5C5BC}.No Trace|Windows Mobile 5.0 Pocket PC SDK (ARMV4I).ActiveCfg = No Trace|Windows Mobile 5.0 Pocket PC SDK (ARMV4I)
		{85F4F26A-1A5D-4685-A48A-448102C5C5BC}.No Trace|Windows Mobile 5.0 Pocket PC SDK (ARMV4I).Build.0 = No Trace|Windows Mobile 5.0 Pocket PC SDK (ARMV4I)
		{85F4F26A-1A5D-4685-A48A-448102C5C5BC}.No Trace|Windows Mobile 5.0 Pocket PC SDK (ARMV4I).Deploy.0 = No Trace|Windows Mobile 5.0 Pocket PC SDK (ARMV4I)
		{85F4F26A-1A5D-4685-A48A-448102C5C5BC}.No Trace|Windows Mobile 5.0 Smartphone SDK (ARMV4I).ActiveCfg = No Trace|Windows Mobile 5.0 Smartphone SDK (ARMV4I)
		{85F4F26A-1A5D-4685-A48A-448102C5C5BC}.No Trace|Windows Mobile 5.0 Smartphone SDK (ARMV4I).Build.0 = No Trace|Windows Mobile 5.0 Smartphone SDK (ARMV4I)
		{85F4F26A-1A5D-4685-A48A-448102C5C5BC}.No Trace|Windows Mobile 5.0 Smartphone SDK (ARMV4I).Deploy.0 = No Trace|Windows Mobile 5.0 Smartphone SDK (ARMV4I)
		{85F4F26A-1A5D-4685-A48A-448102C5C5BC}.No Trace|Windows Mobile 6 Professional SDK (ARMV4I).ActiveCfg = No Trace|Windows Mobile 6 Professional SDK (ARMV4I)
		{85F4F26A-1A5D-4685-A48A-448102C5C5BC}.No Trace|Windows Mobile 6 Professional SDK (ARMV4I).Build.0 = No Trace|Windows Mobile 6 Professional SDK (ARMV4I)
		{85F4F26A-1A5D-4685-A48A-448102C5C5BC}.No Trace|Windows Mobile 6 Professional SDK (ARMV4I).Deploy.0 = No Trace|Windows Mobile 6 Professional SDK (ARMV4I)
		{85F4F26A-1A5D-4685-A48A-448102C5C5BC}.No Trace|Windows Mobile 6 Standard SDK (ARMV4I).ActiveCfg = No Trace|Windows Mobile 6 Standard SDK (ARMV4I)
		{85F4F26A-1A5D-4685-A48A-448102C5C5BC}.No Trace|Windows Mobile 6 Standard SDK (ARMV4I).Build.0 = No Trace|Windows Mobile 6 Standard SDK (ARMV4I)
		{85F4F26A-1A5D-4685-A48A-448102C5C5BC}.No Trace|Windows Mobile 6 Standard SDK (ARMV4I).Deploy.0 = No Trace|Windows Mobile 6 Standard SDK (ARMV4I)
		{85F4F26A-1A5D-4685-A48A-448102C5C5BC}.Release|Win32.ActiveCfg = Release|Win32
		{85F4F26A-1A5D-4685-A48A-448102C5C5BC}.Release|Win32.Build.0 = Release|Win32
		{85F4F26A-1A5D-4685-A48A-448102C5C5BC}.Release|Windows Mobile 5.0 Pocket PC SDK (ARMV4I).ActiveCfg = Release|Windows Mobile 5.0 Pocket PC SDK (ARMV4I)
		{85F4F26A-1A5D-4685-A48A-448102C5C5BC}.Release|Windows Mobile 5.0 Pocket PC SDK (ARMV4I).Build.0 = Release|Windows Mobile 5.0 Pocket PC SDK (ARMV4I)
		{85F4F26A-1A5D-4685-A48A-448102C5C5BC}.Release|Windows Mobile 5.0 Pocket PC SDK (ARMV4I).Deploy.0 = Release|Windows Mobile 5.0 Pocket PC SDK (ARMV4I)
		{85F4F26A-1A5D-4685-A48A-448102C5C5BC}.Release|Windows Mobile 5.0 Smartphone SDK (ARMV4I).ActiveCfg = Release|Windows Mobile 5.0 Smartphone SDK (ARMV4I)
		{85F4F26A-1A5D-4685-A48A-448102C5C5BC}.Release|Windows Mobile 5.0 Smartphone SDK (ARMV4I).Build.0 = Release|Windows Mobile 5.0 Smartphone SDK (ARMV4I)
		{85F4F26A-1A5D-4685-A48A-448102C5C5BC}.Release|Windows Mobile 5.0 Smartphone SDK (ARMV4I).Deploy.0 = Release|Windows Mobile 5.0 Smartphone SDK (ARMV4I)
		{85F4F26A-1A5D-4685-A48A-448102C5C5BC}.Release|Windows Mobile 6 Professional SDK (ARMV4I).ActiveCfg = Release|Windows Mobile 6 Professional SDK (ARMV4I)
		{85F4F26A-1A5D-4685-A48A-448102C5C5BC}.Release|Windows Mobile 6 Professional SDK (ARMV4I).Build.0 = Release|Windows Mobile 6 Professional SDK (ARMV4I)
		{85F4F26A-1A5D-4685-A48A-448102C5C5BC}.Release|Windows Mobile 6 Professional SDK (ARMV4I).Deploy.0 = Release|Windows Mobile 6 Professional SDK (ARMV4I)
		{85F4F26A-1A5D-4685-A48A-448102C5C5BC}.Release|Windows Mobile 6 Standard SDK (ARMV4I).ActiveCfg = Release|Windows Mobile 6 Standard SDK (ARMV4I)
		{85F4F26A-1A5D-4685-A48A-448102C5C5BC}.Release|Windows Mobile 6 Standard SDK (ARMV4I).Build.0 = Release|Windows Mobile 6 Standard SDK (ARMV4I)
		{85F4F26A-1A5D-4685-A48A-448102C5C5BC}.Release|Windows Mobile 6 Standard SDK (ARMV4I).Deploy.0 = Release|Windows Mobile 6 Standard SDK (ARMV4I)
		{85F4F26A-1A5D-4685-A48A-448102C5C5BC}.Template|Win32.ActiveCfg = Release|Windows Mobile 6 Standard SDK (ARMV4I)
		{85F4F26A-1A5D-4685-A48A-448102C5C5BC}.Template|Windows Mobile 5.0 Pocket PC SDK (ARMV4I).ActiveCfg = Release|Windows Mobile 6 Standard SDK (ARMV4I)
		{85F4F26A-1A5D-4685-A48A-448102C5C5BC}.Template|Windows Mobile 5.0 Smartphone SDK (ARMV4I).ActiveCfg = Release|Windows Mobile 6 Standard SDK (ARMV4I)
		{85F4F26A-1A5D-4685-A48A-448102C5C5BC}.Template|Windows Mobile 6 Professional SDK (ARMV4I).ActiveCfg = Release|Windows Mobile 6 Standard SDK (ARMV4I)
		{85F4F26A-1A5D-4685-A48A-448102C5C5BC}.Template|Windows Mobile 6 Standard SDK (ARMV4I).ActiveCfg = Release|Windows Mobile 6 Standard SDK (ARMV4I)
		{85F4F26A-1A5D-4685-A48A-448102C5C5BC}.Template|Windows Mobile 6 Standard SDK (ARMV4I).Build.0 = Release|Windows Mobile 6 Standard SDK (ARMV4I)
		{11FB12B5-B5EB-4DFF-BD6F-2A0BDF187C22}.Debug|Win32.ActiveCfg = Debug|Win32
		{11FB12B5-B5EB-4DFF-BD6F-2A0BDF187C22}.Debug|Win32.Build.0 = Debug|Win32
		{11FB12B5-B5EB-4DFF-BD6F-2A0BDF187C22}.Debug|Windows Mobile 5.0 Pocket PC SDK (ARMV4I).ActiveCfg = Debug|Win32
		{11FB12B5-B5EB-4DFF-BD6F-2A0BDF187C22}.Debug|Windows Mobile 5.0 Smartphone SDK (ARMV4I).ActiveCfg = Debug|Win32
		{11FB12B5-B5EB-4DFF-BD6F-2A0BDF187C22}.Debug|Windows Mobile 6 Professional SDK (ARMV4I).ActiveCfg = Debug|Win32
		{11FB12B5-B5EB-4DFF-BD6F-2A0BDF187C22}.Debug|Windows Mobile 6 Standard SDK (ARMV4I).ActiveCfg = Debug|Win32
		{11FB12B5-B5EB-4DFF-BD6F-2A0BDF187C22}.No Trace|Win32.ActiveCfg = No Trace|Win32
		{11FB12B5-B5EB-4DFF-BD6F-2A0BDF187C22}.No Trace|Win32.Build.0 = No Trace|Win32
		{11FB12B5-B5EB-4DFF-BD6F-2A0BDF187C22}.No Trace|Windows Mobile 5.0 Pocket PC SDK (ARMV4I).ActiveCfg = Release|Win32
		{11FB12B5-B5EB-4DFF-BD6F-2A0BDF187C22}.No Trace|Windows Mobile 5.0 Smartphone SDK (ARMV4I).ActiveCfg = Release|Win32
		{11FB12B5-B5EB-4DFF-BD6F-2A0BDF187C22}.No Trace|Windows Mobile 6 Professional SDK (ARMV4I).ActiveCfg = Release|Win32
		{11FB12B5-B5EB-4DFF-BD6F-2A0BDF187C22}.No Trace|Windows Mobile 6 Standard SDK (ARMV4I).ActiveCfg = Release|Win32
		{11FB12B5-B5EB-4DFF-BD6F-2A0BDF187C22}.Release|Win32.ActiveCfg = Release|Win32
		{11FB12B5-B5EB-4DFF-BD6F-2A0BDF187C22}.Release|Win32.Build.0 = Release|Win32
		{11FB12B5-B5EB-4DFF-BD6F-2A0BDF187C22}.Release|Windows Mobile 5.0 Pocket PC SDK (ARMV4I).ActiveCfg = Release|Win32
		{11FB12B5-B5EB-4DFF-BD6F-2A0BDF187C22}.Release|Windows Mobile 5.0 Smartphone SDK (ARMV4I).ActiveCfg = Release|Win32
		{11FB12B5-B5EB-4DFF-BD6F-2A0BDF187C22}.Release|Windows Mobile 6 Professional SDK (ARMV4I).ActiveCfg = Release|Win32
		{11FB12B5-B5EB-4DFF-BD6F-2A0BDF187C22}.Release|Windows Mobile 6 Standard SDK (ARMV4I).ActiveCfg = Release|Win32
		{11FB12B5-B5EB-4DFF-BD6F-2A0BDF187C22}.Template|Win32.ActiveCfg = Release|Win32
		{11FB12B5-B5EB-4DFF-BD6F-2A0BDF187C22}.Template|Win32.Build.0 = Release|Win32
		{11FB12B5-B5EB-4DFF-BD6F-2A0BDF187C22}.Template|Windows Mobile 5.0 Pocket PC SDK (ARMV4I).ActiveCfg = Release|Win32
		{11FB12B5-B5EB-4DFF-BD6F-2A0BDF187C22}.Template|Windows Mobile 5.0 Smartphone SDK (ARMV4I).ActiveCfg = Release|Win32
		{11FB12B5-B5EB-4DFF-BD6F-2A0BDF187C22}.Template|Windows Mobile 6 Professional SDK (ARMV4I).ActiveCfg = Release|Win32
		{11FB12B5-B5EB-4DFF-BD6F-2A0BDF187C22}.Template|Windows Mobile 6 Standard SDK (ARMV4I).ActiveCfg = Release|Win32
		{B2830E08-B1F1-492F-8849-F3D8461E450F}.Debug|Win32.ActiveCfg = Debug|Win32
		{B2830E08-B1F1-492F-8849-F3D8461E450F}.Debug|Win32.Build.0 = Debug|Win32
		{B2830E08-B1F1-492F-8849-F3D8461E450F}.Debug|Windows Mobile 5.0 Pocket PC SDK (ARMV4I).ActiveCfg = Debug|Win32
		{B2830E08-B1F1-492F-8849-F3D8461E450F}.Debug|Windows Mobile 5.0 Smartphone SDK (ARMV4I).ActiveCfg = Debug|Win32
		{B2830E08-B1F1-492F-8849-F3D8461E450F}.Debug|Windows Mobile 6 Professional SDK (ARMV4I).ActiveCfg = Debug|Win32
		{B2830E08-B1F1-492F-8849-F3D8461E450F}.Debug|Windows Mobile 6 Standard SDK (ARMV4I).ActiveCfg = Debug|Win32
		{B2830E08-B1F1-492F-8849-F3D8461E450F}.No Trace|Win32.ActiveCfg = No Trace|Win32
		{B2830E08-B1F1-492F-8849-F3D8461E450F}.No Trace|Win32.Build.0 = No Trace|Win32
		{B2830E08-B1F1-492F-8849-F3D8461E450F}.No Trace|Windows Mobile 5.0 Pocket PC SDK (ARMV4I).ActiveCfg = Release|Win32
		{B2830E08-B1F1-492F-8849-F3D8461E450F}.No Trace|Windows Mobile 5.0 Smartphone SDK (ARMV4I).ActiveCfg = Release|Win32
		{B2830E08-B1F1-492F-8849-F3D8461E450F}.No Trace|Windows Mobile 6 Professional SDK (ARMV4I).ActiveCfg = Release|Win32
		{B2830E08-B1F1-492F-8849-F3D8461E450F}.No Trace|Windows Mobile 6 Standard SDK (ARMV4I).ActiveCfg = Release|Win32
		{B2830E08-B1F1-492F-8849-F3D8461E450F}.Release|Win32.ActiveCfg = Release|Win32
		{B2830E08-B1F1-492F-8849-F3D8461E450F}.Release|Win32.Build.0 = Release|Win32
		{B2830E08-B1F1-492F-8849-F3D8461E450F}.Release|Windows Mobile 5.0 Pocket PC SDK (ARMV4I).ActiveCfg = Release|Win32
		{B2830E08-B1F1-492F-8849-F3D8461E450F}.Release|Windows Mobile 5.0 Smartphone SDK (ARMV4I).ActiveCfg = Release|Win32
		{B2830E08-B1F1-492F-8849-F3D8461E450F}.Release|Windows Mobile 6 Professional SDK (ARMV4I).ActiveCfg = Release|Win32
		{B2830E08-B1F1-492F-8849-F3D8461E450F}.Release|Windows Mobile 6 Standard SDK (ARMV4I).ActiveCfg = Release|Win32
		{B2830E08-B1F1-492F-8849-F3D8461E450F}.Template|Win32.ActiveCfg = Release|Win32
		{B2830E08-B1F1-492F-8849-F3D8461E450F}.Template|Win32.Build.0 = Release|Win32
		{B2830E08-B1F1-492F-8849-F3D8461E450F}.Template|Windows Mobile 5.0 Pocket PC SDK (ARMV4I).ActiveCfg = Release|Win32
		{B2830E08-B1F1-492F-8849-F3D8461E450F}.Template|Windows Mobile 5.0 Smartphone SDK (ARMV4I).ActiveCfg = Release|Win32
		{B2830E08-B1F1-492F-8849-F3D8461E450F}.Template|Windows Mobile 6 Professional SDK (ARMV4I).ActiveCfg = Release|Win32
		{B2830E08-B1F1-492F-8849-F3D8461E450F}.Template|Windows Mobile 6 Standard SDK (ARMV4I).ActiveCfg = Release|Win32
		{C53F67B8-5368-40F7-9F17-E5394A08058D}.Debug|Win32.ActiveCfg = Debug|Win32
		{C53F67B8-5368-40F7-9F17-E5394A08058D}.Debug|Win32.Build.0 = Debug|Win32
		{C53F67B8-5368-40F7-9F17-E5394A08058D}.Debug|Windows Mobile 5.0 Pocket PC SDK (ARMV4I).ActiveCfg = Debug|Win32
		{C53F67B8-5368-40F7-9F17-E5394A08058D}.Debug|Windows Mobile 5.0 Smartphone SDK (ARMV4I).ActiveCfg = Debug|Win32
		{C53F67B8-5368-40F7-9F17-E5394A08058D}.Debug|Windows Mobile 6 Professional SDK (ARMV4I).ActiveCfg = Debug|Win32
		{C53F67B8-5368-40F7-9F17-E5394A08058D}.Debug|Windows Mobile 6 Standard SDK (ARMV4I).ActiveCfg = Debug|Win32
		{C53F67B8-5368-40F7-9F17-E5394A08058D}.No Trace|Win32.ActiveCfg = No Trace|Win32
		{C53F67B8-5368-40F7-9F17-E5394A08058D}.No Trace|Win32.Build.0 = No Trace|Win32
		{C53F67B8-5368-40F7-9F17-E5394A08058D}.No Trace|Windows Mobile 5.0 Pocket PC SDK (ARMV4I).ActiveCfg = Release|Win32
		{C53F67B8-5368-40F7-9F17-E5394A08058D}.No Trace|Windows Mobile 5.0 Smartphone SDK (ARMV4I).ActiveCfg = Release|Win32
		{C53F67B8-5368-40F7-9F17-E5394A08058D}.No Trace|Windows Mobile 6 Professional SDK (ARMV4I).ActiveCfg = Release|Win32
		{C53F67B8-5368-40F7-9F17-E5394A08058D}.No Trace|Windows Mobile 6 Standard SDK (ARMV4I).ActiveCfg = Release|Win32
		{C53F67B8-5368-40F7-9F17-E5394A08058D}.Release|Win32.ActiveCfg = Release|Win32
		{C53F67B8-5368-40F7-9F17-E5394A08058D}.Release|Win32.Build.0 = Release|Win32
		{C53F67B8-5368-40F7-9F17-E5394A08058D}.Release|Windows Mobile 5.0 Pocket PC SDK (ARMV4I).ActiveCfg = Release|Win32
		{C53F67B8-5368-40F7-9F17-E5394A08058D}.Release|Windows Mobile 5.0 Smartphone SDK (ARMV4I).ActiveCfg = Release|Win32
		{C53F67B8-5368-40F7-9F17-E5394A08058D}.Release|Windows Mobile 6 Professional SDK (ARMV4I).ActiveCfg = Release|Win32
		{C53F67B8-5368-40F7-9F17-E5394A08058D}.Release|Windows Mobile 6 Standard SDK (ARMV4I).ActiveCfg = Release|Win32
		{C53F67B8-5368-40F7-9F17-E5394A08058D}.Template|Win32.ActiveCfg = Release|Win32
		{C53F67B8-5368-40F7-9F17-E5394A08058D}.Template|Win32.Build.0 = Release|Win32
		{C53F67B8-5368-40F7-9F17-E5394A08058D}.Template|Windows Mobile 5.0 Pocket PC SDK (ARMV4I).ActiveCfg = Release|Win32
		{C53F67B8-5368-40F7-9F17-E5394A08058D}.Template|Windows Mobile 5.0 Smartphone SDK (ARMV4I).ActiveCfg = Release|Win32
		{C53F67B8-5368-40F7-9F17-E5394A08058D}.Template|Windows Mobile 6 Professional SDK (ARMV4I).ActiveCfg = Release|Win32
		{C53F67B8-5368-40F7-9F17-E5394A08058D}.Template|Windows Mobile 6 Standard SDK (ARMV4I).ActiveCfg = Release|Win32
		{4F290FD7-E487-4546-B248-91736828E360}.Debug|Win32.ActiveCfg = Debug|Win32
		{4F290FD7-E487-4546-B248-91736828E360}.Debug|Win32.Build.0 = Debug|Win32
		{4F290FD7-E487-4546-B248-91736828E360}.Debug|Windows Mobile 5.0 Pocket PC SDK (ARMV4I).ActiveCfg = Debug|Win32
		{4F290FD7-E487-4546-B248-91736828E360}.Debug|Windows Mobile 5.0 Smartphone SDK (ARMV4I).ActiveCfg = Debug|Win32
		{4F290FD7-E487-4546-B248-91736828E360}.Debug|Windows Mobile 6 Professional SDK (ARMV4I).ActiveCfg = Debug|Win32
		{4F290FD7-E487-4546-B248-91736828E360}.Debug|Windows Mobile 6 Standard SDK (ARMV4I).ActiveCfg = Debug|Win32
		{4F290FD7-E487-4546-B248-91736828E360}.No Trace|Win32.ActiveCfg = No Trace|Win32
		{4F290FD7-E487-4546-B248-91736828E360}.No Trace|Win32.Build.0 = No Trace|Win32
		{4F290FD7-E487-4546-B248-91736828E360}.No Trace|Windows Mobile 5.0 Pocket PC SDK (ARMV4I).ActiveCfg = Release|Win32
		{4F290FD7-E487-4546-B248-91736828E360}.No Trace|Windows Mobile 5.0 Smartphone SDK (ARMV4I).ActiveCfg = Release|Win32
		{4F290FD7-E487-4546-B248-91736828E360}.No Trace|Windows Mobile 6 Professional SDK (ARMV4I).ActiveCfg = Release|Win32
		{4F290FD7-E487-4546-B248-91736828E360}.No Trace|Windows Mobile 6 Standard SDK (ARMV4I).ActiveCfg = Release|Win32
		{4F290FD7-E487-4546-B248-91736828E360}.Release|Win32.ActiveCfg = Release|Win32
		{4F290FD7-E487-4546-B248-91736828E360}.Release|Win32.Build.0 = Release|Win32
		{4F290FD7-E487-4546-B248-91736828E360}.Release|Windows Mobile 5.0 Pocket PC SDK (ARMV4I).ActiveCfg = Release|Win32
		{4F290FD7-E487-4546-B248-91736828E360}.Release|Windows Mobile 5.0 Smartphone SDK (ARMV4I).ActiveCfg = Release|Win32
		{4F290FD7-E487-4546-B248-91736828E360}.Release|Windows Mobile 6 Professional SDK (ARMV4I).ActiveCfg = Release|Win32
		{4F290FD7-E487-4546-B248-91736828E360}.Release|Windows Mobile 6 Standard SDK (ARMV4I).ActiveCfg = Release|Win32
		{4F290FD7-E487-4546-B248-91736828E360}.Template|Win32.ActiveCfg = Release|Win32
		{4F290FD7-E487-4546-B248-91736828E360}.Template|Win32.Build.0 = Release|Win32
		{4F290FD7-E487-4546-B248-91736828E360}.Template|Windows Mobile 5.0 Pocket PC SDK (ARMV4I).ActiveCfg = Release|Win32
		{4F290FD7-E487-4546-B248-91736828E360}.Template|Windows Mobile 5.0 Smartphone SDK (ARMV4I).ActiveCfg = Release|Win32
		{4F290FD7-E487-4546-B248-91736828E360}.Template|Windows Mobile 6 Professional SDK (ARMV4I).ActiveCfg = Release|Win32
		{4F290FD7-E487-4546-B248-91736828E360}.Template|Windows Mobile 6 Standard SDK (ARMV4I).ActiveCfg = Release|Win32
	EndGlobalSection
	GlobalSection(SolutionProperties) = preSolution
		HideSolutionNode = FALSE
	EndGlobalSection
EndGlobal
