// !$*UTF8*$!
{
	archiveVersion = 1;
	classes = {
	};
	objectVersion = 46;
	objects = {

/* Begin PBXContainerItemProxy section */
		A32F20D1171C0A66001A0EA0 /* PBXContainerItemProxy */ = {
			isa = PBXContainerItemProxy;
			containerPortal = A3099D36124CC9860033598E /* opal.xcodeproj */;
			proxyType = 1;
			remoteGlobalIDString = A3BAF2C117169255002A1229;
			remoteInfo = OPAL;
		};
		A3EDF8181942D55A00EDE702 /* PBXContainerItemProxy */ = {
			isa = PBXContainerItemProxy;
			containerPortal = 08FB7793FE84155DC02AAC07 /* Project object */;
			proxyType = 1;
			remoteGlobalIDString = D28A88AD04BDD90700651E21;
			remoteInfo = OpenPhone;
		};
/* End PBXContainerItemProxy section */

/* Begin PBXFileReference section */
		A3099D36124CC9860033598E /* opal.xcodeproj */ = {isa = PBXFileReference; lastKnownFileType = "wrapper.pb-project"; name = opal.xcodeproj; path = ../../opal.xcodeproj; sourceTree = SOURCE_ROOT; };
		A370BDAB11D5FCC9008AE956 /* Info.plist */ = {isa = PBXFileReference; fileEncoding = 4; lastKnownFileType = text.plist.xml; path = Info.plist; sourceTree = "<group>"; };
		A370BDAC11D5FCC9008AE956 /* InfoPlist.strings */ = {isa = PBXFileReference; fileEncoding = 4; lastKnownFileType = text.plist.strings; path = InfoPlist.strings; sourceTree = "<group>"; };
		A370BDAD11D5FCC9008AE956 /* version.plist */ = {isa = PBXFileReference; fileEncoding = 4; lastKnownFileType = text.plist.xml; path = version.plist; sourceTree = "<group>"; };
		A370BDE711D6361B008AE956 /* openphone.xrc */ = {isa = PBXFileReference; fileEncoding = 4; lastKnownFileType = text.xml; path = openphone.xrc; sourceTree = "<group>"; };
		A370BE0811D7608C008AE956 /* absent16.xpm */ = {isa = PBXFileReference; fileEncoding = 4; lastKnownFileType = text; path = absent16.xpm; sourceTree = "<group>"; };
		A370BE0911D7608C008AE956 /* absent48.xpm */ = {isa = PBXFileReference; fileEncoding = 4; lastKnownFileType = text; path = absent48.xpm; sourceTree = "<group>"; };
		A370BE0A11D7608C008AE956 /* busy16.xpm */ = {isa = PBXFileReference; fileEncoding = 4; lastKnownFileType = text; path = busy16.xpm; sourceTree = "<group>"; };
		A370BE0B11D7608C008AE956 /* busy48.xpm */ = {isa = PBXFileReference; fileEncoding = 4; lastKnownFileType = text; path = busy48.xpm; sourceTree = "<group>"; };
		A370BE0C11D7608C008AE956 /* openphone.icns */ = {isa = PBXFileReference; lastKnownFileType = image.icns; path = openphone.icns; sourceTree = "<group>"; };
		A370BE0D11D7608C008AE956 /* openphone.xpm */ = {isa = PBXFileReference; fileEncoding = 4; lastKnownFileType = text; path = openphone.xpm; sourceTree = "<group>"; };
		A370BE0E11D7608C008AE956 /* present16.xpm */ = {isa = PBXFileReference; fileEncoding = 4; lastKnownFileType = text; path = present16.xpm; sourceTree = "<group>"; };
		A370BE0F11D7608C008AE956 /* present48.xpm */ = {isa = PBXFileReference; fileEncoding = 4; lastKnownFileType = text; path = present48.xpm; sourceTree = "<group>"; };
		A370BE1011D7608C008AE956 /* unknown16.xpm */ = {isa = PBXFileReference; fileEncoding = 4; lastKnownFileType = text; path = unknown16.xpm; sourceTree = "<group>"; };
		A370BE1111D7608C008AE956 /* unknown48.xpm */ = {isa = PBXFileReference; fileEncoding = 4; lastKnownFileType = text; path = unknown48.xpm; sourceTree = "<group>"; };
		A3A08C4411BA297B00DB73D5 /* main.cxx */ = {isa = PBXFileReference; fileEncoding = 5; lastKnownFileType = sourcecode.cpp.cpp; path = main.cxx; sourceTree = SOURCE_ROOT; };
		A3A08C4511BA297B00DB73D5 /* main.h */ = {isa = PBXFileReference; fileEncoding = 5; lastKnownFileType = sourcecode.c.h; path = main.h; sourceTree = SOURCE_ROOT; };
		A3A08C4611BA297B00DB73D5 /* Makefile */ = {isa = PBXFileReference; fileEncoding = 5; lastKnownFileType = sourcecode.make; path = Makefile; sourceTree = SOURCE_ROOT; };
		A3A08C4811BA297B00DB73D5 /* version.h */ = {isa = PBXFileReference; fileEncoding = 5; lastKnownFileType = sourcecode.c.h; path = version.h; sourceTree = SOURCE_ROOT; };
/* End PBXFileReference section */

/* Begin PBXGroup section */
		08FB7794FE84155DC02AAC07 /* OpenPhone */ = {
			isa = PBXGroup;
			children = (
				A3099D36124CC9860033598E /* opal.xcodeproj */,
				A3CFF5E214B9649300220E66 /* Bundling */,
				A370BE0611D7603D008AE956 /* Resources */,
				A3A08C4611BA297B00DB73D5 /* Makefile */,
				A3A08C4511BA297B00DB73D5 /* main.h */,
				A3A08C4411BA297B00DB73D5 /* main.cxx */,
				A3A08C4811BA297B00DB73D5 /* version.h */,
			);
			name = OpenPhone;
			sourceTree = "<group>";
		};
		A3099D37124CC9860033598E /* Products */ = {
			isa = PBXGroup;
			children = (
			);
			name = Products;
			sourceTree = "<group>";
		};
		A370BE0611D7603D008AE956 /* Resources */ = {
			isa = PBXGroup;
			children = (
				A370BDE711D6361B008AE956 /* openphone.xrc */,
				A370BE0811D7608C008AE956 /* absent16.xpm */,
				A370BE0911D7608C008AE956 /* absent48.xpm */,
				A370BE0A11D7608C008AE956 /* busy16.xpm */,
				A370BE0B11D7608C008AE956 /* busy48.xpm */,
				A370BE0C11D7608C008AE956 /* openphone.icns */,
				A370BE0D11D7608C008AE956 /* openphone.xpm */,
				A370BE0E11D7608C008AE956 /* present16.xpm */,
				A370BE0F11D7608C008AE956 /* present48.xpm */,
				A370BE1011D7608C008AE956 /* unknown16.xpm */,
				A370BE1111D7608C008AE956 /* unknown48.xpm */,
			);
			name = Resources;
			sourceTree = "<group>";
		};
		A3CFF5E214B9649300220E66 /* Bundling */ = {
			isa = PBXGroup;
			children = (
				A370BDAD11D5FCC9008AE956 /* version.plist */,
				A370BDAC11D5FCC9008AE956 /* InfoPlist.strings */,
				A370BDAB11D5FCC9008AE956 /* Info.plist */,
			);
			name = Bundling;
			sourceTree = "<group>";
		};
/* End PBXGroup section */

/* Begin PBXLegacyTarget section */
		A3EDF8131942D51300EDE702 /* openphone */ = {
			isa = PBXLegacyTarget;
			buildArgumentsString = "$(ACTION)";
			buildConfigurationList = A3EDF8171942D51300EDE702 /* Build configuration list for PBXLegacyTarget "openphone" */;
			buildPhases = (
			);
			buildToolPath = /usr/bin/make;
			dependencies = (
				A3EDF8191942D55A00EDE702 /* PBXTargetDependency */,
			);
			name = openphone;
			passBuildSettingsInEnvironment = 1;
			productName = openphone;
		};
		D28A88AD04BDD90700651E21 /* OpenPhone */ = {
			isa = PBXLegacyTarget;
			buildArgumentsString = $ACTION;
			buildConfigurationList = 1DEB918F08733D9F0010E9CD /* Build configuration list for PBXLegacyTarget "OpenPhone" */;
			buildPhases = (
			);
			buildToolPath = /usr/bin/make;
			buildWorkingDirectory = "";
			dependencies = (
				A32F20D2171C0A66001A0EA0 /* PBXTargetDependency */,
			);
			name = OpenPhone;
			passBuildSettingsInEnvironment = 1;
			productName = OpenPhone;
		};
/* End PBXLegacyTarget section */

/* Begin PBXProject section */
		08FB7793FE84155DC02AAC07 /* Project object */ = {
			isa = PBXProject;
			attributes = {
				BuildIndependentTargetsInParallel = NO;
				LastUpgradeCheck = 0500;
			};
			buildConfigurationList = 1DEB919308733D9F0010E9CD /* Build configuration list for PBXProject "OpenPhone" */;
			compatibilityVersion = "Xcode 3.2";
			developmentRegion = English;
			hasScannedForEncodings = 1;
			knownRegions = (
				en,
			);
			mainGroup = 08FB7794FE84155DC02AAC07 /* OpenPhone */;
			projectDirPath = "";
			projectReferences = (
				{
					ProductGroup = A3099D37124CC9860033598E /* Products */;
					ProjectRef = A3099D36124CC9860033598E /* opal.xcodeproj */;
				},
			);
			projectRoot = "";
			targets = (
				D28A88AD04BDD90700651E21 /* OpenPhone */,
				A3EDF8131942D51300EDE702 /* openphone */,
			);
		};
/* End PBXProject section */

/* Begin PBXTargetDependency section */
		A32F20D2171C0A66001A0EA0 /* PBXTargetDependency */ = {
			isa = PBXTargetDependency;
			name = OPAL;
			targetProxy = A32F20D1171C0A66001A0EA0 /* PBXContainerItemProxy */;
		};
		A3EDF8191942D55A00EDE702 /* PBXTargetDependency */ = {
			isa = PBXTargetDependency;
			target = D28A88AD04BDD90700651E21 /* OpenPhone */;
			targetProxy = A3EDF8181942D55A00EDE702 /* PBXContainerItemProxy */;
		};
/* End PBXTargetDependency section */

/* Begin XCBuildConfiguration section */
		1DEB919008733D9F0010E9CD /* Debug */ = {
			isa = XCBuildConfiguration;
			buildSettings = {
				COMBINE_HIDPI_IMAGES = YES;
				DEBUG_BUILD = yes;
				OPALDIR = $SOURCE_ROOT/../..;
				PATH = "/opt/local/bin:$PATH";
				PRODUCT_NAME = OpenPhone;
				PTLIBDIR = $SOURCE_ROOT/../../../ptlib;
				VERBOSE = 1;
			};
			name = Debug;
		};
		1DEB919108733D9F0010E9CD /* Release */ = {
			isa = XCBuildConfiguration;
			buildSettings = {
				COMBINE_HIDPI_IMAGES = YES;
				DEBUG_BUILD = no;
				OPALDIR = $SOURCE_ROOT/../..;
				PATH = "/opt/local/bin:$PATH";
				PRODUCT_NAME = OpenPhone;
				PTLIBDIR = $SOURCE_ROOT/../../../ptlib;
				VERBOSE = 1;
			};
			name = Release;
		};
		1DEB919408733D9F0010E9CD /* Debug */ = {
			isa = XCBuildConfiguration;
			buildSettings = {
				ONLY_ACTIVE_ARCH = YES;
			};
			name = Debug;
		};
		1DEB919508733D9F0010E9CD /* Release */ = {
			isa = XCBuildConfiguration;
			buildSettings = {
			};
			name = Release;
		};
		A3EDF8141942D51300EDE702 /* Debug */ = {
			isa = XCBuildConfiguration;
			buildSettings = {
				ALWAYS_SEARCH_USER_PATHS = NO;
				CLANG_CXX_LANGUAGE_STANDARD = "gnu++0x";
				CLANG_CXX_LIBRARY = "libc++";
				CLANG_ENABLE_MODULES = YES;
				CLANG_ENABLE_OBJC_ARC = YES;
				CLANG_WARN_BOOL_CONVERSION = YES;
				CLANG_WARN_CONSTANT_CONVERSION = YES;
				CLANG_WARN_DIRECT_OBJC_ISA_USAGE = YES_ERROR;
				CLANG_WARN_EMPTY_BODY = YES;
				CLANG_WARN_ENUM_CONVERSION = YES;
				CLANG_WARN_INT_CONVERSION = YES;
				CLANG_WARN_OBJC_ROOT_CLASS = YES_ERROR;
				CLANG_WARN__DUPLICATE_METHOD_MATCH = YES;
				COPY_PHASE_STRIP = NO;
				DEBUGGING_SYMBOLS = YES;
				GCC_C_LANGUAGE_STANDARD = gnu99;
				GCC_DYNAMIC_NO_PIC = NO;
				GCC_ENABLE_OBJC_EXCEPTIONS = YES;
				GCC_GENERATE_DEBUGGING_SYMBOLS = YES;
				GCC_OPTIMIZATION_LEVEL = 0;
				GCC_PREPROCESSOR_DEFINITIONS = (
					"DEBUG=1",
					"$(inherited)",
				);
				GCC_SYMBOLS_PRIVATE_EXTERN = NO;
				GCC_WARN_64_TO_32_BIT_CONVERSION = YES;
				GCC_WARN_ABOUT_RETURN_TYPE = YES_ERROR;
				GCC_WARN_UNDECLARED_SELECTOR = YES;
				GCC_WARN_UNINITIALIZED_AUTOS = YES_AGGRESSIVE;
				GCC_WARN_UNUSED_FUNCTION = YES;
				GCC_WARN_UNUSED_VARIABLE = YES;
				MACOSX_DEPLOYMENT_TARGET = 10.9;
				OTHER_CFLAGS = "";
				OTHER_LDFLAGS = "";
				PRODUCT_NAME = "$(TARGET_NAME)";
				SDKROOT = macosx;
			};
			name = Debug;
		};
		A3EDF8151942D51300EDE702 /* Release */ = {
			isa = XCBuildConfiguration;
			buildSettings = {
				ALWAYS_SEARCH_USER_PATHS = NO;
				CLANG_CXX_LANGUAGE_STANDARD = "gnu++0x";
				CLANG_CXX_LIBRARY = "libc++";
				CLANG_ENABLE_MODULES = YES;
				CLANG_ENABLE_OBJC_ARC = YES;
				CLANG_WARN_BOOL_CONVERSION = YES;
				CLANG_WARN_CONSTANT_CONVERSION = YES;
				CLANG_WARN_DIRECT_OBJC_ISA_USAGE = YES_ERROR;
				CLANG_WARN_EMPTY_BODY = YES;
				CLANG_WARN_ENUM_CONVERSION = YES;
				CLANG_WARN_INT_CONVERSION = YES;
				CLANG_WARN_OBJC_ROOT_CLASS = YES_ERROR;
				CLANG_WARN__DUPLICATE_METHOD_MATCH = YES;
				COPY_PHASE_STRIP = YES;
				DEBUG_INFORMATION_FORMAT = "dwarf-with-dsym";
				ENABLE_NS_ASSERTIONS = NO;
				GCC_C_LANGUAGE_STANDARD = gnu99;
				GCC_ENABLE_OBJC_EXCEPTIONS = YES;
				GCC_WARN_64_TO_32_BIT_CONVERSION = YES;
				GCC_WARN_ABOUT_RETURN_TYPE = YES_ERROR;
				GCC_WARN_UNDECLARED_SELECTOR = YES;
				GCC_WARN_UNINITIALIZED_AUTOS = YES_AGGRESSIVE;
				GCC_WARN_UNUSED_FUNCTION = YES;
				GCC_WARN_UNUSED_VARIABLE = YES;
				MACOSX_DEPLOYMENT_TARGET = 10.9;
				OTHER_CFLAGS = "";
				OTHER_LDFLAGS = "";
				PRODUCT_NAME = "$(TARGET_NAME)";
				SDKROOT = macosx;
			};
			name = Release;
		};
/* End XCBuildConfiguration section */

/* Begin XCConfigurationList section */
		1DEB918F08733D9F0010E9CD /* Build configuration list for PBXLegacyTarget "OpenPhone" */ = {
			isa = XCConfigurationList;
			buildConfigurations = (
				1DEB919008733D9F0010E9CD /* Debug */,
				1DEB919108733D9F0010E9CD /* Release */,
			);
			defaultConfigurationIsVisible = 0;
			defaultConfigurationName = Release;
		};
		1DEB919308733D9F0010E9CD /* Build configuration list for PBXProject "OpenPhone" */ = {
			isa = XCConfigurationList;
			buildConfigurations = (
				1DEB919408733D9F0010E9CD /* Debug */,
				1DEB919508733D9F0010E9CD /* Release */,
			);
			defaultConfigurationIsVisible = 0;
			defaultConfigurationName = Release;
		};
		A3EDF8171942D51300EDE702 /* Build configuration list for PBXLegacyTarget "openphone" */ = {
			isa = XCConfigurationList;
			buildConfigurations = (
				A3EDF8141942D51300EDE702 /* Debug */,
				A3EDF8151942D51300EDE702 /* Release */,
			);
			defaultConfigurationIsVisible = 0;
		};
/* End XCConfigurationList section */
	};
	rootObject = 08FB7793FE84155DC02AAC07 /* Project object */;
}
