// !$*UTF8*$!
{
	archiveVersion = 1;
	classes = {
	};
	objectVersion = 46;
	objects = {

/* Begin PBXContainerItemProxy section */
		A32F20D1171C0A66001A0EA0 /* PBXContainerItemProxy */ = {
			isa = PBXContainerItemProxy;
			containerPortal = A3099D36124CC9860033598E /* opal.xcodeproj */;
			proxyType = 1;
			remoteGlobalIDString = A3BAF2C117169255002A1229;
			remoteInfo = OPAL;
		};
/* End PBXContainerItemProxy section */

/* Begin PBXFileReference section */
		A3099D36124CC9860033598E /* opal.xcodeproj */ = {isa = PBXFileReference; lastKnownFileType = "wrapper.pb-project"; name = opal.xcodeproj; path = ../../opal.xcodeproj; sourceTree = SOURCE_ROOT; };
		A370BDAB11D5FCC9008AE956 /* Info.plist */ = {isa = PBXFileReference; fileEncoding = 4; lastKnownFileType = text.plist.xml; path = Info.plist; sourceTree = "<group>"; };
		A370BDAC11D5FCC9008AE956 /* InfoPlist.strings */ = {isa = PBXFileReference; fileEncoding = 4; lastKnownFileType = text.plist.strings; path = InfoPlist.strings; sourceTree = "<group>"; };
		A370BDAD11D5FCC9008AE956 /* version.plist */ = {isa = PBXFileReference; fileEncoding = 4; lastKnownFileType = text.plist.xml; path = version.plist; sourceTree = "<group>"; };
		A370BDE711D6361B008AE956 /* openphone.xrc */ = {isa = PBXFileReference; fileEncoding = 4; lastKnownFileType = text.xml; path = openphone.xrc; sourceTree = "<group>"; };
		A370BE0811D7608C008AE956 /* absent16.xpm */ = {isa = PBXFileReference; fileEncoding = 4; lastKnownFileType = text; path = absent16.xpm; sourceTree = "<group>"; };
		A370BE0911D7608C008AE956 /* absent48.xpm */ = {isa = PBXFileReference; fileEncoding = 4; lastKnownFileType = text; path = absent48.xpm; sourceTree = "<group>"; };
		A370BE0A11D7608C008AE956 /* busy16.xpm */ = {isa = PBXFileReference; fileEncoding = 4; lastKnownFileType = text; path = busy16.xpm; sourceTree = "<group>"; };
		A370BE0B11D7608C008AE956 /* busy48.xpm */ = {isa = PBXFileReference; fileEncoding = 4; lastKnownFileType = text; path = busy48.xpm; sourceTree = "<group>"; };
		A370BE0C11D7608C008AE956 /* openphone.icns */ = {isa = PBXFileReference; lastKnownFileType = image.icns; path = openphone.icns; sourceTree = "<group>"; };
		A370BE0D11D7608C008AE956 /* openphone.xpm */ = {isa = PBXFileReference; fileEncoding = 4; lastKnownFileType = text; path = openphone.xpm; sourceTree = "<group>"; };
		A370BE0E11D7608C008AE956 /* present16.xpm */ = {isa = PBXFileReference; fileEncoding = 4; lastKnownFileType = text; path = present16.xpm; sourceTree = "<group>"; };
		A370BE0F11D7608C008AE956 /* present48.xpm */ = {isa = PBXFileReference; fileEncoding = 4; lastKnownFileType = text; path = present48.xpm; sourceTree = "<group>"; };
		A370BE1011D7608C008AE956 /* unknown16.xpm */ = {isa = PBXFileReference; fileEncoding = 4; lastKnownFileType = text; path = unknown16.xpm; sourceTree = "<group>"; };
		A370BE1111D7608C008AE956 /* unknown48.xpm */ = {isa = PBXFileReference; fileEncoding = 4; lastKnownFileType = text; path = unknown48.xpm; sourceTree = "<group>"; };
		A3A08C4411BA297B00DB73D5 /* main.cxx */ = {isa = PBXFileReference; fileEncoding = 5; lastKnownFileType = sourcecode.cpp.cpp; path = main.cxx; sourceTree = SOURCE_ROOT; };
		A3A08C4511BA297B00DB73D5 /* main.h */ = {isa = PBXFileReference; fileEncoding = 5; lastKnownFileType = sourcecode.c.h; path = main.h; sourceTree = SOURCE_ROOT; };
		A3A08C4611BA297B00DB73D5 /* Makefile */ = {isa = PBXFileReference; fileEncoding = 5; lastKnownFileType = sourcecode.make; path = Makefile; sourceTree = SOURCE_ROOT; };
		A3A08C4711BA297B00DB73D5 /* openphone.wxg */ = {isa = PBXFileReference; fileEncoding = 5; lastKnownFileType = text.xml; path = openphone.wxg; sourceTree = SOURCE_ROOT; };
		A3A08C4811BA297B00DB73D5 /* version.h */ = {isa = PBXFileReference; fileEncoding = 5; lastKnownFileType = sourcecode.c.h; path = version.h; sourceTree = SOURCE_ROOT; };
/* End PBXFileReference section */

/* Begin PBXGroup section */
		08FB7794FE84155DC02AAC07 /* OpenPhone */ = {
			isa = PBXGroup;
			children = (
				A3099D36124CC9860033598E /* opal.xcodeproj */,
				A3CFF5E214B9649300220E66 /* Bundling */,
				A370BE0611D7603D008AE956 /* Resources */,
				A3A08C4511BA297B00DB73D5 /* main.h */,
				A3A08C4811BA297B00DB73D5 /* version.h */,
				A3A08C4411BA297B00DB73D5 /* main.cxx */,
				A3A08C4611BA297B00DB73D5 /* Makefile */,
				A3A08C4711BA297B00DB73D5 /* openphone.wxg */,
			);
			name = OpenPhone;
			sourceTree = "<group>";
		};
		A3099D37124CC9860033598E /* Products */ = {
			isa = PBXGroup;
			children = (
			);
			name = Products;
			sourceTree = "<group>";
		};
		A370BE0611D7603D008AE956 /* Resources */ = {
			isa = PBXGroup;
			children = (
				A370BDE711D6361B008AE956 /* openphone.xrc */,
				A370BE0811D7608C008AE956 /* absent16.xpm */,
				A370BE0911D7608C008AE956 /* absent48.xpm */,
				A370BE0A11D7608C008AE956 /* busy16.xpm */,
				A370BE0B11D7608C008AE956 /* busy48.xpm */,
				A370BE0C11D7608C008AE956 /* openphone.icns */,
				A370BE0D11D7608C008AE956 /* openphone.xpm */,
				A370BE0E11D7608C008AE956 /* present16.xpm */,
				A370BE0F11D7608C008AE956 /* present48.xpm */,
				A370BE1011D7608C008AE956 /* unknown16.xpm */,
				A370BE1111D7608C008AE956 /* unknown48.xpm */,
			);
			name = Resources;
			sourceTree = "<group>";
		};
		A3CFF5E214B9649300220E66 /* Bundling */ = {
			isa = PBXGroup;
			children = (
				A370BDAD11D5FCC9008AE956 /* version.plist */,
				A370BDAC11D5FCC9008AE956 /* InfoPlist.strings */,
				A370BDAB11D5FCC9008AE956 /* Info.plist */,
			);
			name = Bundling;
			sourceTree = "<group>";
		};
/* End PBXGroup section */

/* Begin PBXLegacyTarget section */
		D28A88AD04BDD90700651E21 /* OpenPhone */ = {
			isa = PBXLegacyTarget;
			buildArgumentsString = "DEBUG=$DEBUG $ACTION";
			buildConfigurationList = 1DEB918F08733D9F0010E9CD /* Build configuration list for PBXLegacyTarget "OpenPhone" */;
			buildPhases = (
			);
			buildToolPath = /usr/bin/make;
			buildWorkingDirectory = "";
			dependencies = (
				A32F20D2171C0A66001A0EA0 /* PBXTargetDependency */,
			);
			name = OpenPhone;
			passBuildSettingsInEnvironment = 1;
			productName = OpenPhone;
		};
/* End PBXLegacyTarget section */

/* Begin PBXProject section */
		08FB7793FE84155DC02AAC07 /* Project object */ = {
			isa = PBXProject;
			attributes = {
				BuildIndependentTargetsInParallel = NO;
				LastUpgradeCheck = 0420;
			};
			buildConfigurationList = 1DEB919308733D9F0010E9CD /* Build configuration list for PBXProject "OpenPhone" */;
			compatibilityVersion = "Xcode 3.2";
			developmentRegion = English;
			hasScannedForEncodings = 1;
			knownRegions = (
				en,
			);
			mainGroup = 08FB7794FE84155DC02AAC07 /* OpenPhone */;
			projectDirPath = "";
			projectReferences = (
				{
					ProductGroup = A3099D37124CC9860033598E /* Products */;
					ProjectRef = A3099D36124CC9860033598E /* opal.xcodeproj */;
				},
			);
			projectRoot = "";
			targets = (
				D28A88AD04BDD90700651E21 /* OpenPhone */,
			);
		};
/* End PBXProject section */

/* Begin PBXTargetDependency section */
		A32F20D2171C0A66001A0EA0 /* PBXTargetDependency */ = {
			isa = PBXTargetDependency;
			name = OPAL;
			targetProxy = A32F20D1171C0A66001A0EA0 /* PBXContainerItemProxy */;
		};
/* End PBXTargetDependency section */

/* Begin XCBuildConfiguration section */
		1DEB919008733D9F0010E9CD /* Debug */ = {
			isa = XCBuildConfiguration;
			buildSettings = {
				DEBUG = 1;
				OPALDIR = $SOURCE_ROOT/../..;
				PATH = "/opt/local/bin:$PATH";
				PRODUCT_NAME = OpenPhone;
				PTLIBDIR = $SOURCE_ROOT/../../../ptlib;
			};
			name = Debug;
		};
		1DEB919108733D9F0010E9CD /* Release */ = {
			isa = XCBuildConfiguration;
			buildSettings = {
				DEBUG = "";
				OPALDIR = $SOURCE_ROOT/../..;
				PATH = "/opt/local/bin:$PATH";
				PRODUCT_NAME = OpenPhone;
				PTLIBDIR = $SOURCE_ROOT/../../../ptlib;
			};
			name = Release;
		};
		1DEB919408733D9F0010E9CD /* Debug */ = {
			isa = XCBuildConfiguration;
			buildSettings = {
			};
			name = Debug;
		};
		1DEB919508733D9F0010E9CD /* Release */ = {
			isa = XCBuildConfiguration;
			buildSettings = {
			};
			name = Release;
		};
/* End XCBuildConfiguration section */

/* Begin XCConfigurationList section */
		1DEB918F08733D9F0010E9CD /* Build configuration list for PBXLegacyTarget "OpenPhone" */ = {
			isa = XCConfigurationList;
			buildConfigurations = (
				1DEB919008733D9F0010E9CD /* Debug */,
				1DEB919108733D9F0010E9CD /* Release */,
			);
			defaultConfigurationIsVisible = 0;
			defaultConfigurationName = Release;
		};
		1DEB919308733D9F0010E9CD /* Build configuration list for PBXProject "OpenPhone" */ = {
			isa = XCConfigurationList;
			buildConfigurations = (
				1DEB919408733D9F0010E9CD /* Debug */,
				1DEB919508733D9F0010E9CD /* Release */,
			);
			defaultConfigurationIsVisible = 0;
			defaultConfigurationName = Release;
		};
/* End XCConfigurationList section */
	};
	rootObject = 08FB7793FE84155DC02AAC07 /* Project object */;
}
