<?xml version="1.0" encoding="utf-8"?>
<Project ToolsVersion="4.0" xmlns="http://schemas.microsoft.com/developer/msbuild/2003">
  <ItemGroup>
    <Filter Include="Header Files">
      <UniqueIdentifier>{bdf0a3db-c036-44f6-85fa-15894cd2165c}</UniqueIdentifier>
    </Filter>
    <Filter Include="Source Files">
      <UniqueIdentifier>{1d9f1e31-8189-42a0-a49d-dc675e352a41}</UniqueIdentifier>
    </Filter>
  </ItemGroup>
  <ItemGroup>
    <ClInclude Include="..\common\encframe.h">
      <Filter>Header Files</Filter>
    </ClInclude>
    <ClInclude Include="..\common\h264frame.h">
      <Filter>Header Files</Filter>
    </ClInclude>
  </ItemGroup>
  <ItemGroup>
    <ClCompile Include="openh264.cxx">
      <Filter>Source Files</Filter>
    </ClCompile>
    <ClCompile Include="..\common\h264frame.cxx">
      <Filter>Source Files</Filter>
    </ClCompile>
    <ClCompile Include="..\common\encframe.cxx">
      <Filter>Source Files</Filter>
    </ClCompile>
  </ItemGroup>
  <ItemGroup>
    <CustomBuild Include="openh264_x86.def" />
  </ItemGroup>
  <ItemGroup>
    <CustomBuild Include="openh264_x64.def" />
  </ItemGroup>
  <ItemGroup>
    <Library Include="..\..\..\bin\plugins\Win32\Release\Video - H.264 (Cisco OpenH264)\openh264_x86.lib" />
    <Library Include="..\..\..\bin\plugins\x64\Release\Video - H.264 (Cisco OpenH264)\openh264_x64.lib" />
  </ItemGroup>
</Project>