<?xml version="1.0" encoding="utf-8"?>
<Project ToolsVersion="4.0" xmlns="http://schemas.microsoft.com/developer/msbuild/2003">
  <ItemGroup>
    <ClCompile Include="..\common\encframe.cxx">
      <Filter>Source Files</Filter>
    </ClCompile>
    <ClCompile Include="..\common\ffmpeg.cxx">
      <Filter>Source Files</Filter>
    </ClCompile>
    <ClCompile Include="mpeg4.cxx">
      <Filter>Source Files</Filter>
    </ClCompile>
  </ItemGroup>
  <ItemGroup>
    <Filter Include="Header Files">
      <UniqueIdentifier>{cf86f536-f20f-4464-92f2-707f4d2efe67}</UniqueIdentifier>
    </Filter>
    <Filter Include="Source Files">
      <UniqueIdentifier>{c250cf69-1568-458d-96da-3dde9c91e004}</UniqueIdentifier>
    </Filter>
  </ItemGroup>
  <ItemGroup>
    <ClInclude Include="..\common\encframe.h">
      <Filter>Header Files</Filter>
    </ClInclude>
    <ClInclude Include="..\common\ffmpeg.h">
      <Filter>Header Files</Filter>
    </ClInclude>
  </ItemGroup>
</Project>