<?xml version="1.0" encoding="utf-8"?>
<Project ToolsVersion="4.0" xmlns="http://schemas.microsoft.com/developer/msbuild/2003">
  <ItemGroup>
    <Filter Include="Source Files">
      <UniqueIdentifier>{8c6f8f19-6cce-4af1-9462-c7002be92e13}</UniqueIdentifier>
      <Extensions>cpp;c;cxx;rc;def;r;odl;idl;hpj;bat</Extensions>
    </Filter>
    <Filter Include="iSAC">
      <UniqueIdentifier>{1ed00798-c1e5-4ca0-8e32-8b4a77ba8a05}</UniqueIdentifier>
    </Filter>
  </ItemGroup>
  <ItemGroup>
    <ClCompile Include="iSACcodec.c">
      <Filter>Source Files</Filter>
    </ClCompile>
    <ClCompile Include="iSAC\arith_routines.c">
      <Filter>iSAC</Filter>
    </ClCompile>
    <ClCompile Include="iSAC\arith_routines_hist.c">
      <Filter>iSAC</Filter>
    </ClCompile>
    <ClCompile Include="iSAC\arith_routines_logist.c">
      <Filter>iSAC</Filter>
    </ClCompile>
    <ClCompile Include="iSAC\bandwidth_estimator.c">
      <Filter>iSAC</Filter>
    </ClCompile>
    <ClCompile Include="iSAC\crc.c">
      <Filter>iSAC</Filter>
    </ClCompile>
    <ClCompile Include="iSAC\decode.c">
      <Filter>iSAC</Filter>
    </ClCompile>
    <ClCompile Include="iSAC\decode_bwe.c">
      <Filter>iSAC</Filter>
    </ClCompile>
    <ClCompile Include="iSAC\encode.c">
      <Filter>iSAC</Filter>
    </ClCompile>
    <ClCompile Include="iSAC\encode_lpc_swb.c">
      <Filter>iSAC</Filter>
    </ClCompile>
    <ClCompile Include="iSAC\entropy_coding.c">
      <Filter>iSAC</Filter>
    </ClCompile>
    <ClCompile Include="iSAC\fft.c">
      <Filter>iSAC</Filter>
    </ClCompile>
    <ClCompile Include="iSAC\filter_functions.c">
      <Filter>iSAC</Filter>
    </ClCompile>
    <ClCompile Include="iSAC\filterbank_tables.c">
      <Filter>iSAC</Filter>
    </ClCompile>
    <ClCompile Include="iSAC\filterbanks.c">
      <Filter>iSAC</Filter>
    </ClCompile>
    <ClCompile Include="iSAC\intialize.c">
      <Filter>iSAC</Filter>
    </ClCompile>
    <ClCompile Include="iSAC\isac.c">
      <Filter>iSAC</Filter>
    </ClCompile>
    <ClCompile Include="iSAC\lattice.c">
      <Filter>iSAC</Filter>
    </ClCompile>
    <ClCompile Include="iSAC\lpc_analysis.c">
      <Filter>iSAC</Filter>
    </ClCompile>
    <ClCompile Include="iSAC\lpc_gain_swb_tables.c">
      <Filter>iSAC</Filter>
    </ClCompile>
    <ClCompile Include="iSAC\lpc_shape_swb12_tables.c">
      <Filter>iSAC</Filter>
    </ClCompile>
    <ClCompile Include="iSAC\lpc_shape_swb16_tables.c">
      <Filter>iSAC</Filter>
    </ClCompile>
    <ClCompile Include="iSAC\lpc_tables.c">
      <Filter>iSAC</Filter>
    </ClCompile>
    <ClCompile Include="iSAC\pitch_estimator.c">
      <Filter>iSAC</Filter>
    </ClCompile>
    <ClCompile Include="iSAC\pitch_filter.c">
      <Filter>iSAC</Filter>
    </ClCompile>
    <ClCompile Include="iSAC\pitch_gain_tables.c">
      <Filter>iSAC</Filter>
    </ClCompile>
    <ClCompile Include="iSAC\pitch_lag_tables.c">
      <Filter>iSAC</Filter>
    </ClCompile>
    <ClCompile Include="iSAC\spectrum_ar_model_tables.c">
      <Filter>iSAC</Filter>
    </ClCompile>
    <ClCompile Include="iSAC\transform.c">
      <Filter>iSAC</Filter>
    </ClCompile>
    <ClCompile Include="iSAC\auto_corr_to_refl_coef.c">
      <Filter>Source Files</Filter>
    </ClCompile>
    <ClCompile Include="iSAC\division_operations.c">
      <Filter>Source Files</Filter>
    </ClCompile>
    <ClCompile Include="iSAC\lpc_to_refl_coef.c">
      <Filter>Source Files</Filter>
    </ClCompile>
    <ClCompile Include="iSAC\refl_coef_to_lpc.c">
      <Filter>Source Files</Filter>
    </ClCompile>
    <ClCompile Include="iSAC\resample_fractional.c">
      <Filter>Source Files</Filter>
    </ClCompile>
    <ClCompile Include="iSAC\splitting_filter.c">
      <Filter>Source Files</Filter>
    </ClCompile>
    <ClCompile Include="iSAC\vector_scaling_operations.c">
      <Filter>Source Files</Filter>
    </ClCompile>
  </ItemGroup>
  <ItemGroup>
    <ClInclude Include="iSAC\arith_routines.h">
      <Filter>iSAC</Filter>
    </ClInclude>
    <ClInclude Include="iSAC\bandwidth_estimator.h">
      <Filter>iSAC</Filter>
    </ClInclude>
    <ClInclude Include="iSAC\codec.h">
      <Filter>iSAC</Filter>
    </ClInclude>
    <ClInclude Include="iSAC\crc.h">
      <Filter>iSAC</Filter>
    </ClInclude>
    <ClInclude Include="iSAC\encode_lpc_swb.h">
      <Filter>iSAC</Filter>
    </ClInclude>
    <ClInclude Include="iSAC\entropy_coding.h">
      <Filter>iSAC</Filter>
    </ClInclude>
    <ClInclude Include="iSAC\fft.h">
      <Filter>iSAC</Filter>
    </ClInclude>
    <ClInclude Include="iSAC\filterbank_tables.h">
      <Filter>iSAC</Filter>
    </ClInclude>
    <ClInclude Include="iSAC\lpc_analysis.h">
      <Filter>iSAC</Filter>
    </ClInclude>
    <ClInclude Include="iSAC\lpc_gain_swb_tables.h">
      <Filter>iSAC</Filter>
    </ClInclude>
    <ClInclude Include="iSAC\lpc_shape_swb12_tables.h">
      <Filter>iSAC</Filter>
    </ClInclude>
    <ClInclude Include="iSAC\lpc_shape_swb16_tables.h">
      <Filter>iSAC</Filter>
    </ClInclude>
    <ClInclude Include="iSAC\lpc_tables.h">
      <Filter>iSAC</Filter>
    </ClInclude>
    <ClInclude Include="iSAC\os_specific_inline.h">
      <Filter>iSAC</Filter>
    </ClInclude>
    <ClInclude Include="iSAC\pitch_estimator.h">
      <Filter>iSAC</Filter>
    </ClInclude>
    <ClInclude Include="iSAC\pitch_gain_tables.h">
      <Filter>iSAC</Filter>
    </ClInclude>
    <ClInclude Include="iSAC\pitch_lag_tables.h">
      <Filter>iSAC</Filter>
    </ClInclude>
    <ClInclude Include="iSAC\settings.h">
      <Filter>iSAC</Filter>
    </ClInclude>
    <ClInclude Include="iSAC\spectrum_ar_model_tables.h">
      <Filter>iSAC</Filter>
    </ClInclude>
    <ClInclude Include="iSAC\structs.h">
      <Filter>iSAC</Filter>
    </ClInclude>
    <ClInclude Include="iSAC\isac.h" />
  </ItemGroup>
</Project>